
Microsoft Visual Studio Solution File, Format Version 11.00
# Visual Studio 10
Project("{FAE04EC0-301F-11D3-BF4B-00C04F79EFBC}") = "AnonumousProject", "AnonumousProject.csproj", "{0FCA2CA6-6598-4305-A34B-AA19787B25E4}"
EndProject
Global
	GlobalSection(SolutionConfigurationPlatforms) = preSolution
		Debug|Any CPU = Debug|Any CPU
		Release|Any CPU = Release|Any CPU
	EndGlobalSection
	GlobalSection(ProjectConfigurationPlatforms) = postSolution
		{0FCA2CA6-6598-4305-A34B-AA19787B25E4}.Debug|Any CPU.ActiveCfg = Debug|Any CPU
		{0FCA2CA6-6598-4305-A34B-AA19787B25E4}.Debug|Any CPU.Build.0 = Debug|Any CPU
		{0FCA2CA6-6598-4305-A34B-AA19787B25E4}.Release|Any CPU.ActiveCfg = Release|Any CPU
		{0FCA2CA6-6598-4305-A34B-AA19787B25E4}.Release|Any CPU.Build.0 = Release|Any CPU
	EndGlobalSection
	GlobalSection(SolutionProperties) = preSolution
		HideSolutionNode = FALSE
	EndGlobalSection
EndGlobal
